
Microsoft Visual Studio Solution File, Format Version 12.00
# Visual Studio Version 17
VisualStudioVersion = 17.0.31903.59
MinimumVisualStudioVersion = 10.0.40219.1
Project("{FAE04EC0-301F-11D3-BF4B-00C04F79EFBC}") = "Api", "Api\Api.csproj", "{806DA3B0-DD7D-4EBF-84BF-088F03385B8A}"
EndProject
Project("{FAE04EC0-301F-11D3-BF4B-00C04F79EFBC}") = "Core", "Core\Core.csproj", "{8DE9BFDD-BF30-4590-BBFE-BB049927F2C0}"
EndProject
Project("{FAE04EC0-301F-11D3-BF4B-00C04F79EFBC}") = "Infrastructure", "Infrastructure\Infrastructure.csproj", "{9ED385A3-BB20-4EC1-BFB5-401C6C36CA47}"
EndProject
Global
	GlobalSection(SolutionConfigurationPlatforms) = preSolution
		Debug|Any CPU = Debug|Any CPU
		Release|Any CPU = Release|Any CPU
	EndGlobalSection
	GlobalSection(SolutionProperties) = preSolution
		HideSolutionNode = FALSE
	EndGlobalSection
	GlobalSection(ProjectConfigurationPlatforms) = postSolution
		{806DA3B0-DD7D-4EBF-84BF-088F03385B8A}.Debug|Any CPU.ActiveCfg = Debug|Any CPU
		{806DA3B0-DD7D-4EBF-84BF-088F03385B8A}.Debug|Any CPU.Build.0 = Debug|Any CPU
		{806DA3B0-DD7D-4EBF-84BF-088F03385B8A}.Release|Any CPU.ActiveCfg = Release|Any CPU
		{806DA3B0-DD7D-4EBF-84BF-088F03385B8A}.Release|Any CPU.Build.0 = Release|Any CPU
		{8DE9BFDD-BF30-4590-BBFE-BB049927F2C0}.Debug|Any CPU.ActiveCfg = Debug|Any CPU
		{8DE9BFDD-BF30-4590-BBFE-BB049927F2C0}.Debug|Any CPU.Build.0 = Debug|Any CPU
		{8DE9BFDD-BF30-4590-BBFE-BB049927F2C0}.Release|Any CPU.ActiveCfg = Release|Any CPU
		{8DE9BFDD-BF30-4590-BBFE-BB049927F2C0}.Release|Any CPU.Build.0 = Release|Any CPU
		{9ED385A3-BB20-4EC1-BFB5-401C6C36CA47}.Debug|Any CPU.ActiveCfg = Debug|Any CPU
		{9ED385A3-BB20-4EC1-BFB5-401C6C36CA47}.Debug|Any CPU.Build.0 = Debug|Any CPU
		{9ED385A3-BB20-4EC1-BFB5-401C6C36CA47}.Release|Any CPU.ActiveCfg = Release|Any CPU
		{9ED385A3-BB20-4EC1-BFB5-401C6C36CA47}.Release|Any CPU.Build.0 = Release|Any CPU
	EndGlobalSection
EndGlobal
